
Microsoft Visual Studio Solution File, Format Version 12.00
# Visual Studio 15
VisualStudioVersion = 15.0.27703.2000
MinimumVisualStudioVersion = 10.0.40219.1
Project("{FAE04EC0-301F-11D3-BF4B-00C04F79EFBC}") = "AnonymizeUser", "AnonymizeUser\AnonymizeUser.csproj", "{634E8E18-A84C-470D-8CB2-DB44C285133E}"
EndProject
Project("{FAE04EC0-301F-11D3-BF4B-00C04F79EFBC}") = "AnonymizeUserTest", "AnonymizeUserTest\AnonymizeUserTest.csproj", "{B200B375-0685-4DCE-88C9-EA3498038E52}"
EndProject
Project("{2150E333-8FDC-42A3-9474-1A3956D46DE8}") = "Solution Items", "Solution Items", "{149FC751-465C-423D-9F44-BD9E272F0C1A}"
EndProject
Global
	GlobalSection(SolutionConfigurationPlatforms) = preSolution
		Debug|Any CPU = Debug|Any CPU
		Release|Any CPU = Release|Any CPU
	EndGlobalSection
	GlobalSection(ProjectConfigurationPlatforms) = postSolution
		{634E8E18-A84C-470D-8CB2-DB44C285133E}.Debug|Any CPU.ActiveCfg = Debug|Any CPU
		{634E8E18-A84C-470D-8CB2-DB44C285133E}.Debug|Any CPU.Build.0 = Debug|Any CPU
		{634E8E18-A84C-470D-8CB2-DB44C285133E}.Release|Any CPU.ActiveCfg = Release|Any CPU
		{634E8E18-A84C-470D-8CB2-DB44C285133E}.Release|Any CPU.Build.0 = Release|Any CPU
		{B200B375-0685-4DCE-88C9-EA3498038E52}.Debug|Any CPU.ActiveCfg = Debug|Any CPU
		{B200B375-0685-4DCE-88C9-EA3498038E52}.Debug|Any CPU.Build.0 = Debug|Any CPU
		{B200B375-0685-4DCE-88C9-EA3498038E52}.Release|Any CPU.ActiveCfg = Release|Any CPU
		{B200B375-0685-4DCE-88C9-EA3498038E52}.Release|Any CPU.Build.0 = Release|Any CPU
	EndGlobalSection
	GlobalSection(SolutionProperties) = preSolution
		HideSolutionNode = FALSE
	EndGlobalSection
	GlobalSection(ExtensibilityGlobals) = postSolution
		SolutionGuid = {2B8132BC-C786-4189-B400-15954419DEF4}
	EndGlobalSection
EndGlobal
